{
  "name": "employee-management",
  "version": "0.0.0",
  "lockfileVersion": 1,
  "requires": true,
  "dependencies": {
    "@angular/animations": {
      "version": "7.2.8",
      "resolved": "http://192.168.0.102:8081/repository/npm-group/@angular/animations/-/animations-7.2.8.tgz",
      "integrity": "sha512-dJn9koYukyz15TouBc+z5z9fdThDk+bKgdlij25eYSu5Mpmtk04gB4eIMQA97K0UDh1d4YukgSJ5w3ZIk0m8DQ==",
      "requires": {
        "tslib": "^1.9.0"
      }
    },
    "@angular/common": {
      "version": "7.2.8",
      "resolved": "http://192.168.0.102:8081/repository/npm-group/@angular/common/-/common-7.2.8.tgz",
      "integrity": "sha512-LgOhf68+LPndGZhtnUlGFd2goReXYmHzaFZW8gCEi9aC+H+Io8bjYh0gkH3xDreevEOe3f0z6coXNFLIxSmTuA==",
      "requires": {
        "tslib": "^1.9.0"
      }
    },
    "@angular/compiler": {
      "version": "7.2.8",
      "resolved": "http://192.168.0.102:8081/repository/npm-group/@angular/compiler/-/compiler-7.2.8.tgz",
      "integrity": "sha512-PrU97cTsOdofpaDkxK0rWUA/CGd0u6ESOI6XvFVm5xH9zJInsdY8ShSHklnr1JJnss70e1dGKZbZq32OChxWMw==",
      "requires": {
        "tslib": "^1.9.0"
      }
    },
    "@angular/core": {
      "version": "7.2.8",
      "resolved": "http://192.168.0.102:8081/repository/npm-group/@angular/core/-/core-7.2.8.tgz",
      "integrity": "sha512-QKwug2kWJC00zm2rvmD9mCJzsOkMVhSu8vqPWf83poWTh8+F9aIVWcy29W0VoGpBkSchOnK8hf9DnKVv28j9nw==",
      "requires": {
        "tslib": "^1.9.0"
      }
    },
    "@angular/forms": {
      "version": "7.2.8",
      "resolved": "http://192.168.0.102:8081/repository/npm-group/@angular/forms/-/forms-7.2.8.tgz",
      "integrity": "sha512-lbSX4IHFHz/c4e2RHiPpL8MJlzDkCuQEHnqsujDaV2X9o9fApS6+C1X4x7Z2XDKqonmeX+aHQwv9+SLejX6OyQ==",
      "requires": {
        "tslib": "^1.9.0"
      }
    },
    "@angular/platform-browser": {
      "version": "7.2.8",
      "resolved": "http://192.168.0.102:8081/repository/npm-group/@angular/platform-browser/-/platform-browser-7.2.8.tgz",
      "integrity": "sha512-SizCRMc7Or27g2CugcqWnaAikRPfgLgRvb9GFFGpcgoq8CRfOVwkyR5dFZuqN39H+uwtwuTMP5OUYhZcrFNKug==",
      "requires": {
        "tslib": "^1.9.0"
      }
    },
    "@angular/platform-browser-dynamic": {
      "version": "7.2.8",
      "resolved": "http://192.168.0.102:8081/repository/npm-group/@angular/platform-browser-dynamic/-/platform-browser-dynamic-7.2.8.tgz",
      "integrity": "sha512-nOJt28A5pRn4mdL8y98V7bA6OOdMRjsQAcWCr/isGYF0l1yDC0ijUGWkHuRtj3z1/9tmERN0BLXx+xs1h4JhCQ==",
      "requires": {
        "tslib": "^1.9.0"
      }
    },
    "@angular/router": {
      "version": "7.2.8",
      "resolved": "http://192.168.0.102:8081/repository/npm-group/@angular/router/-/router-7.2.8.tgz",
      "integrity": "sha512-G8cA/JbaKFNeosCUGE/0Z7+5FBhZTVV/hacgUBRAEj8NNnECFqkAY9F16Twe+X8qx9WkpMw51WSYDNHPI1/dXQ==",
      "requires": {
        "tslib": "^1.9.0"
      }
    },
    "core-js": {
      "version": "2.6.5",
      "resolved": "http://192.168.0.102:8081/repository/npm-group/core-js/-/core-js-2.6.5.tgz",
      "integrity": "sha512-klh/kDpwX8hryYL14M9w/xei6vrv6sE8gTHDG7/T/+SEovB/G4ejwcfE/CBzO6Edsu+OETZMZ3wcX/EjUkrl5A=="
    },
    "rxjs": {
      "version": "6.3.3",
      "resolved": "http://192.168.0.102:8081/repository/npm-group/rxjs/-/rxjs-6.3.3.tgz",
      "integrity": "sha512-JTWmoY9tWCs7zvIk/CvRjhjGaOd+OVBM987mxFo+OW66cGpdKjZcpmc74ES1sB//7Kl/PAe8+wEakuhG4pcgOw==",
      "requires": {
        "tslib": "^1.9.0"
      }
    },
    "tslib": {
      "version": "1.9.3",
      "resolved": "http://192.168.0.102:8081/repository/npm-group/tslib/-/tslib-1.9.3.tgz",
      "integrity": "sha512-4krF8scpejhaOgqzBEcGM7yDIEfi0/8+8zDRZhNZZ2kjmHJ4hv3zCbQWxoJGz1iw5U0Jl0nma13xzHXcncMavQ=="
    },
    "zone.js": {
      "version": "0.8.29",
      "resolved": "http://192.168.0.102:8081/repository/npm-group/zone.js/-/zone.js-0.8.29.tgz",
      "integrity": "sha512-mla2acNCMkWXBD+c+yeUrBUrzOxYMNFdQ6FGfigGGtEVBPJx07BQeJekjt9DmH1FtZek4E9rE1eRR9qQpxACOQ=="
    }
  }
}
